
Microsoft Visual Studio Solution File, Format Version 12.00
# Visual Studio Version 17
VisualStudioVersion = 17.5.002.0
MinimumVisualStudioVersion = 10.0.40219.1
Project("{9A19103F-16F7-4668-BE54-9A1E7A4F7556}") = "OpenKNX.Toolbox.Lib", "OpenKNX.Toolbox.Lib.csproj", "{2F9D23C5-1C22-4ACB-B2BF-B3FA3D227FB0}"
EndProject
Global
	GlobalSection(SolutionConfigurationPlatforms) = preSolution
		Debug|Any CPU = Debug|Any CPU
		Release|Any CPU = Release|Any CPU
	EndGlobalSection
	GlobalSection(ProjectConfigurationPlatforms) = postSolution
		{2F9D23C5-1C22-4ACB-B2BF-B3FA3D227FB0}.Debug|Any CPU.ActiveCfg = Debug|Any CPU
		{2F9D23C5-1C22-4ACB-B2BF-B3FA3D227FB0}.Debug|Any CPU.Build.0 = Debug|Any CPU
		{2F9D23C5-1C22-4ACB-B2BF-B3FA3D227FB0}.Release|Any CPU.ActiveCfg = Release|Any CPU
		{2F9D23C5-1C22-4ACB-B2BF-B3FA3D227FB0}.Release|Any CPU.Build.0 = Release|Any CPU
	EndGlobalSection
	GlobalSection(SolutionProperties) = preSolution
		HideSolutionNode = FALSE
	EndGlobalSection
	GlobalSection(ExtensibilityGlobals) = postSolution
		SolutionGuid = {125ECC26-5C0D-4FA5-9242-6C1B6D5470BF}
	EndGlobalSection
EndGlobal
